
Microsoft Visual Studio Solution File, Format Version 12.00
# Visual Studio Version 17
VisualStudioVersion = 17.4.33205.214
MinimumVisualStudioVersion = 10.0.40219.1
Project("{9A19103F-16F7-4668-BE54-9A1E7A4F7556}") = "HRBusiness", "HRBusiness\HRBusiness.csproj", "{9713CE19-C954-499B-9A4A-096D68F6D3F6}"
EndProject
Project("{9A19103F-16F7-4668-BE54-9A1E7A4F7556}") = "HRConsole", "HRConsole\HRConsole.csproj", "{61C09DF6-5107-4A3A-9347-06F19ADF7E3D}"
EndProject
Project("{FAE04EC0-301F-11D3-BF4B-00C04F79EFBC}") = "HRWPFClient", "HRWPFClient\HRWPFClient.csproj", "{C37C14C8-F756-4224-B193-4B2D6D3E98DF}"
EndProject
Global
	GlobalSection(SolutionConfigurationPlatforms) = preSolution
		Debug|Any CPU = Debug|Any CPU
		Release|Any CPU = Release|Any CPU
	EndGlobalSection
	GlobalSection(ProjectConfigurationPlatforms) = postSolution
		{9713CE19-C954-499B-9A4A-096D68F6D3F6}.Debug|Any CPU.ActiveCfg = Debug|Any CPU
		{9713CE19-C954-499B-9A4A-096D68F6D3F6}.Debug|Any CPU.Build.0 = Debug|Any CPU
		{9713CE19-C954-499B-9A4A-096D68F6D3F6}.Release|Any CPU.ActiveCfg = Release|Any CPU
		{9713CE19-C954-499B-9A4A-096D68F6D3F6}.Release|Any CPU.Build.0 = Release|Any CPU
		{61C09DF6-5107-4A3A-9347-06F19ADF7E3D}.Debug|Any CPU.ActiveCfg = Debug|Any CPU
		{61C09DF6-5107-4A3A-9347-06F19ADF7E3D}.Debug|Any CPU.Build.0 = Debug|Any CPU
		{61C09DF6-5107-4A3A-9347-06F19ADF7E3D}.Release|Any CPU.ActiveCfg = Release|Any CPU
		{61C09DF6-5107-4A3A-9347-06F19ADF7E3D}.Release|Any CPU.Build.0 = Release|Any CPU
		{C37C14C8-F756-4224-B193-4B2D6D3E98DF}.Debug|Any CPU.ActiveCfg = Debug|Any CPU
		{C37C14C8-F756-4224-B193-4B2D6D3E98DF}.Debug|Any CPU.Build.0 = Debug|Any CPU
		{C37C14C8-F756-4224-B193-4B2D6D3E98DF}.Release|Any CPU.ActiveCfg = Release|Any CPU
		{C37C14C8-F756-4224-B193-4B2D6D3E98DF}.Release|Any CPU.Build.0 = Release|Any CPU
	EndGlobalSection
	GlobalSection(SolutionProperties) = preSolution
		HideSolutionNode = FALSE
	EndGlobalSection
	GlobalSection(ExtensibilityGlobals) = postSolution
		SolutionGuid = {CA0344A2-F8D9-413A-BCA5-5067A31B9FA2}
	EndGlobalSection
EndGlobal
